
Microsoft Visual Studio Solution File, Format Version 12.00
# Visual Studio Version 16
VisualStudioVersion = 16.0.29403.142
MinimumVisualStudioVersion = 10.0.40219.1
Project("{FAE04EC0-301F-11D3-BF4B-00C04F79EFBC}") = "CityInfo.API", "CityInfo.API\CityInfo.API.csproj", "{13A4EBC5-C27A-42B1-BDA1-E06D1669CA19}"
EndProject
Global
	GlobalSection(SolutionConfigurationPlatforms) = preSolution
		Debug|Any CPU = Debug|Any CPU
		Release|Any CPU = Release|Any CPU
	EndGlobalSection
	GlobalSection(ProjectConfigurationPlatforms) = postSolution
		{13A4EBC5-C27A-42B1-BDA1-E06D1669CA19}.Debug|Any CPU.ActiveCfg = Debug|Any CPU
		{13A4EBC5-C27A-42B1-BDA1-E06D1669CA19}.Debug|Any CPU.Build.0 = Debug|Any CPU
		{13A4EBC5-C27A-42B1-BDA1-E06D1669CA19}.Release|Any CPU.ActiveCfg = Release|Any CPU
		{13A4EBC5-C27A-42B1-BDA1-E06D1669CA19}.Release|Any CPU.Build.0 = Release|Any CPU
	EndGlobalSection
	GlobalSection(SolutionProperties) = preSolution
		HideSolutionNode = FALSE
	EndGlobalSection
	GlobalSection(ExtensibilityGlobals) = postSolution
		SolutionGuid = {E6131075-B71C-4FE1-A035-20F76E8FA77A}
	EndGlobalSection
EndGlobal
